
Microsoft Visual Studio Solution File, Format Version 12.00
# Visual Studio Version 17
VisualStudioVersion = 17.9.34310.174
MinimumVisualStudioVersion = 10.0.40219.1
Project("{FAE04EC0-301F-11D3-BF4B-00C04F79EFBC}") = "Dissertation", "Dissertation\Dissertation.csproj", "{2CB1EDDC-C8E3-4AAE-AFAC-2369085D9E0B}"
EndProject
Global
	GlobalSection(SolutionConfigurationPlatforms) = preSolution
		Debug|Any CPU = Debug|Any CPU
		Release|Any CPU = Release|Any CPU
	EndGlobalSection
	GlobalSection(ProjectConfigurationPlatforms) = postSolution
		{2CB1EDDC-C8E3-4AAE-AFAC-2369085D9E0B}.Debug|Any CPU.ActiveCfg = Debug|Any CPU
		{2CB1EDDC-C8E3-4AAE-AFAC-2369085D9E0B}.Debug|Any CPU.Build.0 = Debug|Any CPU
		{2CB1EDDC-C8E3-4AAE-AFAC-2369085D9E0B}.Release|Any CPU.ActiveCfg = Release|Any CPU
		{2CB1EDDC-C8E3-4AAE-AFAC-2369085D9E0B}.Release|Any CPU.Build.0 = Release|Any CPU
	EndGlobalSection
	GlobalSection(SolutionProperties) = preSolution
		HideSolutionNode = FALSE
	EndGlobalSection
	GlobalSection(ExtensibilityGlobals) = postSolution
		SolutionGuid = {A3EB906E-D14E-4FB9-9392-F74B13FF95B0}
	EndGlobalSection
EndGlobal
